<Solution>
  <Project Path="ReceptyOks.Api/ReceptyOks.Api.csproj" />
  <Project Path="ReceptyOks.BlazorComponents/ReceptyOks.BlazorComponents.csproj" />
  <Project Path="ReceptyOks.Shared/ReceptyOks.Shared.csproj" />
  <Project Path="ReceptyOks/ReceptyOks.csproj">
    <Deploy />
  </Project>
  <Project Path="ReceptyOksSolution.AppHost/ReceptyOksSolution.AppHost.csproj" />
  <Project Path="ReceptyOksSolution.ServiceDefaults/ReceptyOksSolution.ServiceDefaults.csproj" />
  <Project Path="ReceptyOks_UnitTests/ReceptyOks_UnitTests.csproj" Id="394beaed-4d3d-4901-9ce0-2375e7f74d44" />
</Solution>
