<Solution>
  <Project Path="ReceptyOks.Api/ReceptyOks.Api.csproj" />
  <Project Path="ReceptyOks.Shared/ReceptyOks.Shared.csproj" />
  <Project Path="ReceptyOks/ReceptyOks.csproj">
    <Deploy Solution="Debug|*" />
  </Project>
  <Project Path="ReceptyOksSolution.AppHost/ReceptyOksSolution.AppHost.csproj" />
  <Project Path="ReceptyOksSolution.ServiceDefaults/ReceptyOksSolution.ServiceDefaults.csproj" />
</Solution>
